// !$*UTF8*$!
{
	archiveVersion = 1;
	classes = {
	};
	objectVersion = 46;
	objects = {

/* Begin PBXBuildFile section */
		4A4071C21DFF957B002B90A6 /* CSPhotoGalleryAssetCollectionViewCell.swift in Sources */ = {isa = PBXBuildFile; fileRef = 4A4071C11DFF957B002B90A6 /* CSPhotoGalleryAssetCollectionViewCell.swift */; };
		4A4071C41DFF969A002B90A6 /* CSPhotoGalleryAssetCollectionViewController.swift in Sources */ = {isa = PBXBuildFile; fileRef = 4A4071C31DFF969A002B90A6 /* CSPhotoGalleryAssetCollectionViewController.swift */; };
		4A4071C71DFF9C73002B90A6 /* UIViewController+Extension.swift in Sources */ = {isa = PBXBuildFile; fileRef = 4A4071C61DFF9C73002B90A6 /* UIViewController+Extension.swift */; };
		4A4071CA1DFFB1C9002B90A6 /* ScrollView+Cell+Extension.swift in Sources */ = {isa = PBXBuildFile; fileRef = 4A4071C91DFFB1C9002B90A6 /* ScrollView+Cell+Extension.swift */; };
		4AA681CA1E025A2200A66051 /* UIImage+Extension.swift in Sources */ = {isa = PBXBuildFile; fileRef = 4AA681C91E025A2200A66051 /* UIImage+Extension.swift */; };
		E90F2DDA1E018EDD00FF3402 /* CSPhotoGalleryDetailCollectionViewCell.swift in Sources */ = {isa = PBXBuildFile; fileRef = E90F2DD91E018EDD00FF3402 /* CSPhotoGalleryDetailCollectionViewCell.swift */; };
		E954AF881DFEE9C400868892 /* CSPhotoGalleryDelegate.swift in Sources */ = {isa = PBXBuildFile; fileRef = E954AF871DFEE9C400868892 /* CSPhotoGalleryDelegate.swift */; };
		E96F780F1E02D125004643F3 /* CSPhotoViewerTransition.swift in Sources */ = {isa = PBXBuildFile; fileRef = E96F780E1E02D125004643F3 /* CSPhotoViewerTransition.swift */; };
		E988EC401E0C1EAD0051170F /* DesignManager.swift in Sources */ = {isa = PBXBuildFile; fileRef = E988EC3F1E0C1EAD0051170F /* DesignManager.swift */; };
		E9C919E41E0834F2003B6AB1 /* CSVideoViewController.swift in Sources */ = {isa = PBXBuildFile; fileRef = E9C919E31E0834F2003B6AB1 /* CSVideoViewController.swift */; };
		E9DF2F221DF849180076FE9F /* AppDelegate.swift in Sources */ = {isa = PBXBuildFile; fileRef = E9DF2F211DF849180076FE9F /* AppDelegate.swift */; };
		E9DF2F271DF849180076FE9F /* Main.storyboard in Resources */ = {isa = PBXBuildFile; fileRef = E9DF2F251DF849180076FE9F /* Main.storyboard */; };
		E9DF2F291DF849180076FE9F /* Assets.xcassets in Resources */ = {isa = PBXBuildFile; fileRef = E9DF2F281DF849180076FE9F /* Assets.xcassets */; };
		E9DF2F2C1DF849180076FE9F /* LaunchScreen.storyboard in Resources */ = {isa = PBXBuildFile; fileRef = E9DF2F2A1DF849180076FE9F /* LaunchScreen.storyboard */; };
		E9DF2F361DF849870076FE9F /* CSPhotoGalleryViewController.swift in Sources */ = {isa = PBXBuildFile; fileRef = E9DF2F351DF849870076FE9F /* CSPhotoGalleryViewController.swift */; };
		E9DF2F391DF8499E0076FE9F /* CSPhotoGalleryDetailViewController.swift in Sources */ = {isa = PBXBuildFile; fileRef = E9DF2F381DF8499E0076FE9F /* CSPhotoGalleryDetailViewController.swift */; };
		E9DF2F3E1DF84DF00076FE9F /* CSPhotoGalleryCollectionViewCell.swift in Sources */ = {isa = PBXBuildFile; fileRef = E9DF2F3D1DF84DF00076FE9F /* CSPhotoGalleryCollectionViewCell.swift */; };
		E9DF2F411DF85DE90076FE9F /* PhotoManager.swift in Sources */ = {isa = PBXBuildFile; fileRef = E9DF2F401DF85DE90076FE9F /* PhotoManager.swift */; };
/* End PBXBuildFile section */

/* Begin PBXFileReference section */
		4A4071C11DFF957B002B90A6 /* CSPhotoGalleryAssetCollectionViewCell.swift */ = {isa = PBXFileReference; fileEncoding = 4; lastKnownFileType = sourcecode.swift; path = CSPhotoGalleryAssetCollectionViewCell.swift; sourceTree = "<group>"; };
		4A4071C31DFF969A002B90A6 /* CSPhotoGalleryAssetCollectionViewController.swift */ = {isa = PBXFileReference; fileEncoding = 4; lastKnownFileType = sourcecode.swift; path = CSPhotoGalleryAssetCollectionViewController.swift; sourceTree = "<group>"; };
		4A4071C61DFF9C73002B90A6 /* UIViewController+Extension.swift */ = {isa = PBXFileReference; fileEncoding = 4; lastKnownFileType = sourcecode.swift; path = "UIViewController+Extension.swift"; sourceTree = "<group>"; };
		4A4071C91DFFB1C9002B90A6 /* ScrollView+Cell+Extension.swift */ = {isa = PBXFileReference; fileEncoding = 4; lastKnownFileType = sourcecode.swift; path = "ScrollView+Cell+Extension.swift"; sourceTree = "<group>"; };
		4AA681C91E025A2200A66051 /* UIImage+Extension.swift */ = {isa = PBXFileReference; fileEncoding = 4; lastKnownFileType = sourcecode.swift; path = "UIImage+Extension.swift"; sourceTree = "<group>"; };
		E90F2DD91E018EDD00FF3402 /* CSPhotoGalleryDetailCollectionViewCell.swift */ = {isa = PBXFileReference; fileEncoding = 4; lastKnownFileType = sourcecode.swift; path = CSPhotoGalleryDetailCollectionViewCell.swift; sourceTree = "<group>"; };
		E954AF871DFEE9C400868892 /* CSPhotoGalleryDelegate.swift */ = {isa = PBXFileReference; fileEncoding = 4; lastKnownFileType = sourcecode.swift; path = CSPhotoGalleryDelegate.swift; sourceTree = "<group>"; };
		E96F780E1E02D125004643F3 /* CSPhotoViewerTransition.swift */ = {isa = PBXFileReference; fileEncoding = 4; lastKnownFileType = sourcecode.swift; path = CSPhotoViewerTransition.swift; sourceTree = "<group>"; };
		E988EC3F1E0C1EAD0051170F /* DesignManager.swift */ = {isa = PBXFileReference; fileEncoding = 4; lastKnownFileType = sourcecode.swift; path = DesignManager.swift; sourceTree = "<group>"; };
		E9C919E31E0834F2003B6AB1 /* CSVideoViewController.swift */ = {isa = PBXFileReference; fileEncoding = 4; lastKnownFileType = sourcecode.swift; path = CSVideoViewController.swift; sourceTree = "<group>"; };
		E9DF2F1E1DF849180076FE9F /* CSPhotoGallery.app */ = {isa = PBXFileReference; explicitFileType = wrapper.application; includeInIndex = 0; path = CSPhotoGallery.app; sourceTree = BUILT_PRODUCTS_DIR; };
		E9DF2F211DF849180076FE9F /* AppDelegate.swift */ = {isa = PBXFileReference; lastKnownFileType = sourcecode.swift; path = AppDelegate.swift; sourceTree = "<group>"; };
		E9DF2F261DF849180076FE9F /* Base */ = {isa = PBXFileReference; lastKnownFileType = file.storyboard; name = Base; path = Base.lproj/Main.storyboard; sourceTree = "<group>"; };
		E9DF2F281DF849180076FE9F /* Assets.xcassets */ = {isa = PBXFileReference; lastKnownFileType = folder.assetcatalog; path = Assets.xcassets; sourceTree = "<group>"; };
		E9DF2F2B1DF849180076FE9F /* Base */ = {isa = PBXFileReference; lastKnownFileType = file.storyboard; name = Base; path = Base.lproj/LaunchScreen.storyboard; sourceTree = "<group>"; };
		E9DF2F2D1DF849180076FE9F /* Info.plist */ = {isa = PBXFileReference; lastKnownFileType = text.plist.xml; path = Info.plist; sourceTree = "<group>"; };
		E9DF2F351DF849870076FE9F /* CSPhotoGalleryViewController.swift */ = {isa = PBXFileReference; fileEncoding = 4; lastKnownFileType = sourcecode.swift; path = CSPhotoGalleryViewController.swift; sourceTree = "<group>"; };
		E9DF2F381DF8499E0076FE9F /* CSPhotoGalleryDetailViewController.swift */ = {isa = PBXFileReference; fileEncoding = 4; lastKnownFileType = sourcecode.swift; path = CSPhotoGalleryDetailViewController.swift; sourceTree = "<group>"; };
		E9DF2F3D1DF84DF00076FE9F /* CSPhotoGalleryCollectionViewCell.swift */ = {isa = PBXFileReference; fileEncoding = 4; lastKnownFileType = sourcecode.swift; path = CSPhotoGalleryCollectionViewCell.swift; sourceTree = "<group>"; };
		E9DF2F401DF85DE90076FE9F /* PhotoManager.swift */ = {isa = PBXFileReference; fileEncoding = 4; lastKnownFileType = sourcecode.swift; path = PhotoManager.swift; sourceTree = "<group>"; };
/* End PBXFileReference section */

/* Begin PBXFrameworksBuildPhase section */
		E9DF2F1B1DF849180076FE9F /* Frameworks */ = {
			isa = PBXFrameworksBuildPhase;
			buildActionMask = 2147483647;
			files = (
			);
			runOnlyForDeploymentPostprocessing = 0;
		};
/* End PBXFrameworksBuildPhase section */

/* Begin PBXGroup section */
		4A4071C51DFF9C5F002B90A6 /* Extension */ = {
			isa = PBXGroup;
			children = (
				4A4071C61DFF9C73002B90A6 /* UIViewController+Extension.swift */,
				4A4071C91DFFB1C9002B90A6 /* ScrollView+Cell+Extension.swift */,
				4AA681C91E025A2200A66051 /* UIImage+Extension.swift */,
			);
			name = Extension;
			sourceTree = "<group>";
		};
		E954AF861DFEE9B300868892 /* Delegate */ = {
			isa = PBXGroup;
			children = (
				E954AF871DFEE9C400868892 /* CSPhotoGalleryDelegate.swift */,
			);
			name = Delegate;
			sourceTree = "<group>";
		};
		E96F780D1E02D112004643F3 /* Transition */ = {
			isa = PBXGroup;
			children = (
				E96F780E1E02D125004643F3 /* CSPhotoViewerTransition.swift */,
			);
			name = Transition;
			sourceTree = "<group>";
		};
		E988EC3E1E0C1E900051170F /* Design */ = {
			isa = PBXGroup;
			children = (
				E988EC3F1E0C1EAD0051170F /* DesignManager.swift */,
			);
			name = Design;
			sourceTree = "<group>";
		};
		E9DF2F151DF849180076FE9F = {
			isa = PBXGroup;
			children = (
				E9DF2F201DF849180076FE9F /* CSPhotoGallery */,
				E9DF2F1F1DF849180076FE9F /* Products */,
			);
			sourceTree = "<group>";
		};
		E9DF2F1F1DF849180076FE9F /* Products */ = {
			isa = PBXGroup;
			children = (
				E9DF2F1E1DF849180076FE9F /* CSPhotoGallery.app */,
			);
			name = Products;
			sourceTree = "<group>";
		};
		E9DF2F201DF849180076FE9F /* CSPhotoGallery */ = {
			isa = PBXGroup;
			children = (
				E988EC3E1E0C1E900051170F /* Design */,
				4A4071C51DFF9C5F002B90A6 /* Extension */,
				E96F780D1E02D112004643F3 /* Transition */,
				E954AF861DFEE9B300868892 /* Delegate */,
				E9DF2F3F1DF85DDA0076FE9F /* PhotoManager */,
				E9DF2F341DF8496B0076FE9F /* ViewController */,
				E9DF2F331DF849620076FE9F /* View */,
				E9DF2F211DF849180076FE9F /* AppDelegate.swift */,
				E9DF2F281DF849180076FE9F /* Assets.xcassets */,
				E9DF2F2A1DF849180076FE9F /* LaunchScreen.storyboard */,
				E9DF2F2D1DF849180076FE9F /* Info.plist */,
			);
			path = CSPhotoGallery;
			sourceTree = "<group>";
		};
		E9DF2F331DF849620076FE9F /* View */ = {
			isa = PBXGroup;
			children = (
				E9DF2F3B1DF84DBD0076FE9F /* Storyboard */,
				E9DF2F3C1DF84DCA0076FE9F /* CollectionViewCell */,
			);
			name = View;
			sourceTree = "<group>";
		};
		E9DF2F341DF8496B0076FE9F /* ViewController */ = {
			isa = PBXGroup;
			children = (
				E9DF2F351DF849870076FE9F /* CSPhotoGalleryViewController.swift */,
				4A4071C31DFF969A002B90A6 /* CSPhotoGalleryAssetCollectionViewController.swift */,
				E9DF2F381DF8499E0076FE9F /* CSPhotoGalleryDetailViewController.swift */,
				E9C919E31E0834F2003B6AB1 /* CSVideoViewController.swift */,
			);
			name = ViewController;
			sourceTree = "<group>";
		};
		E9DF2F3B1DF84DBD0076FE9F /* Storyboard */ = {
			isa = PBXGroup;
			children = (
				E9DF2F251DF849180076FE9F /* Main.storyboard */,
			);
			name = Storyboard;
			sourceTree = "<group>";
		};
		E9DF2F3C1DF84DCA0076FE9F /* CollectionViewCell */ = {
			isa = PBXGroup;
			children = (
				E9DF2F3D1DF84DF00076FE9F /* CSPhotoGalleryCollectionViewCell.swift */,
				4A4071C11DFF957B002B90A6 /* CSPhotoGalleryAssetCollectionViewCell.swift */,
				E90F2DD91E018EDD00FF3402 /* CSPhotoGalleryDetailCollectionViewCell.swift */,
			);
			name = CollectionViewCell;
			sourceTree = "<group>";
		};
		E9DF2F3F1DF85DDA0076FE9F /* PhotoManager */ = {
			isa = PBXGroup;
			children = (
				E9DF2F401DF85DE90076FE9F /* PhotoManager.swift */,
			);
			name = PhotoManager;
			sourceTree = "<group>";
		};
/* End PBXGroup section */

/* Begin PBXNativeTarget section */
		E9DF2F1D1DF849180076FE9F /* CSPhotoGallery */ = {
			isa = PBXNativeTarget;
			buildConfigurationList = E9DF2F301DF849180076FE9F /* Build configuration list for PBXNativeTarget "CSPhotoGallery" */;
			buildPhases = (
				E9DF2F1A1DF849180076FE9F /* Sources */,
				E9DF2F1B1DF849180076FE9F /* Frameworks */,
				E9DF2F1C1DF849180076FE9F /* Resources */,
			);
			buildRules = (
			);
			dependencies = (
			);
			name = CSPhotoGallery;
			productName = CSPhotoGallery;
			productReference = E9DF2F1E1DF849180076FE9F /* CSPhotoGallery.app */;
			productType = "com.apple.product-type.application";
		};
/* End PBXNativeTarget section */

/* Begin PBXProject section */
		E9DF2F161DF849180076FE9F /* Project object */ = {
			isa = PBXProject;
			attributes = {
				LastSwiftUpdateCheck = 0810;
				LastUpgradeCheck = 0810;
				ORGANIZATIONNAME = "Youk Chansim";
				TargetAttributes = {
					E9DF2F1D1DF849180076FE9F = {
						CreatedOnToolsVersion = 8.1;
						DevelopmentTeam = 4VZ23AUA4B;
						ProvisioningStyle = Automatic;
					};
				};
			};
			buildConfigurationList = E9DF2F191DF849180076FE9F /* Build configuration list for PBXProject "CSPhotoGallery" */;
			compatibilityVersion = "Xcode 3.2";
			developmentRegion = English;
			hasScannedForEncodings = 0;
			knownRegions = (
				en,
				Base,
			);
			mainGroup = E9DF2F151DF849180076FE9F;
			productRefGroup = E9DF2F1F1DF849180076FE9F /* Products */;
			projectDirPath = "";
			projectRoot = "";
			targets = (
				E9DF2F1D1DF849180076FE9F /* CSPhotoGallery */,
			);
		};
/* End PBXProject section */

/* Begin PBXResourcesBuildPhase section */
		E9DF2F1C1DF849180076FE9F /* Resources */ = {
			isa = PBXResourcesBuildPhase;
			buildActionMask = 2147483647;
			files = (
				E9DF2F2C1DF849180076FE9F /* LaunchScreen.storyboard in Resources */,
				E9DF2F291DF849180076FE9F /* Assets.xcassets in Resources */,
				E9DF2F271DF849180076FE9F /* Main.storyboard in Resources */,
			);
			runOnlyForDeploymentPostprocessing = 0;
		};
/* End PBXResourcesBuildPhase section */

/* Begin PBXSourcesBuildPhase section */
		E9DF2F1A1DF849180076FE9F /* Sources */ = {
			isa = PBXSourcesBuildPhase;
			buildActionMask = 2147483647;
			files = (
				E9DF2F3E1DF84DF00076FE9F /* CSPhotoGalleryCollectionViewCell.swift in Sources */,
				E9DF2F361DF849870076FE9F /* CSPhotoGalleryViewController.swift in Sources */,
				4AA681CA1E025A2200A66051 /* UIImage+Extension.swift in Sources */,
				4A4071C71DFF9C73002B90A6 /* UIViewController+Extension.swift in Sources */,
				E9C919E41E0834F2003B6AB1 /* CSVideoViewController.swift in Sources */,
				E9DF2F221DF849180076FE9F /* AppDelegate.swift in Sources */,
				E9DF2F411DF85DE90076FE9F /* PhotoManager.swift in Sources */,
				4A4071C41DFF969A002B90A6 /* CSPhotoGalleryAssetCollectionViewController.swift in Sources */,
				4A4071CA1DFFB1C9002B90A6 /* ScrollView+Cell+Extension.swift in Sources */,
				4A4071C21DFF957B002B90A6 /* CSPhotoGalleryAssetCollectionViewCell.swift in Sources */,
				E90F2DDA1E018EDD00FF3402 /* CSPhotoGalleryDetailCollectionViewCell.swift in Sources */,
				E954AF881DFEE9C400868892 /* CSPhotoGalleryDelegate.swift in Sources */,
				E9DF2F391DF8499E0076FE9F /* CSPhotoGalleryDetailViewController.swift in Sources */,
				E988EC401E0C1EAD0051170F /* DesignManager.swift in Sources */,
				E96F780F1E02D125004643F3 /* CSPhotoViewerTransition.swift in Sources */,
			);
			runOnlyForDeploymentPostprocessing = 0;
		};
/* End PBXSourcesBuildPhase section */

/* Begin PBXVariantGroup section */
		E9DF2F251DF849180076FE9F /* Main.storyboard */ = {
			isa = PBXVariantGroup;
			children = (
				E9DF2F261DF849180076FE9F /* Base */,
			);
			name = Main.storyboard;
			sourceTree = "<group>";
		};
		E9DF2F2A1DF849180076FE9F /* LaunchScreen.storyboard */ = {
			isa = PBXVariantGroup;
			children = (
				E9DF2F2B1DF849180076FE9F /* Base */,
			);
			name = LaunchScreen.storyboard;
			sourceTree = "<group>";
		};
/* End PBXVariantGroup section */

/* Begin XCBuildConfiguration section */
		E9DF2F2E1DF849180076FE9F /* Debug */ = {
			isa = XCBuildConfiguration;
			buildSettings = {
				ALWAYS_SEARCH_USER_PATHS = NO;
				CLANG_ANALYZER_NONNULL = YES;
				CLANG_CXX_LANGUAGE_STANDARD = "gnu++0x";
				CLANG_CXX_LIBRARY = "libc++";
				CLANG_ENABLE_MODULES = YES;
				CLANG_ENABLE_OBJC_ARC = YES;
				CLANG_WARN_BOOL_CONVERSION = YES;
				CLANG_WARN_CONSTANT_CONVERSION = YES;
				CLANG_WARN_DIRECT_OBJC_ISA_USAGE = YES_ERROR;
				CLANG_WARN_DOCUMENTATION_COMMENTS = YES;
				CLANG_WARN_EMPTY_BODY = YES;
				CLANG_WARN_ENUM_CONVERSION = YES;
				CLANG_WARN_INFINITE_RECURSION = YES;
				CLANG_WARN_INT_CONVERSION = YES;
				CLANG_WARN_OBJC_ROOT_CLASS = YES_ERROR;
				CLANG_WARN_SUSPICIOUS_MOVES = YES;
				CLANG_WARN_UNREACHABLE_CODE = YES;
				CLANG_WARN__DUPLICATE_METHOD_MATCH = YES;
				"CODE_SIGN_IDENTITY[sdk=iphoneos*]" = "iPhone Developer";
				COPY_PHASE_STRIP = NO;
				DEBUG_INFORMATION_FORMAT = dwarf;
				ENABLE_STRICT_OBJC_MSGSEND = YES;
				ENABLE_TESTABILITY = YES;
				GCC_C_LANGUAGE_STANDARD = gnu99;
				GCC_DYNAMIC_NO_PIC = NO;
				GCC_NO_COMMON_BLOCKS = YES;
				GCC_OPTIMIZATION_LEVEL = 0;
				GCC_PREPROCESSOR_DEFINITIONS = (
					"DEBUG=1",
					"$(inherited)",
				);
				GCC_WARN_64_TO_32_BIT_CONVERSION = YES;
				GCC_WARN_ABOUT_RETURN_TYPE = YES_ERROR;
				GCC_WARN_UNDECLARED_SELECTOR = YES;
				GCC_WARN_UNINITIALIZED_AUTOS = YES_AGGRESSIVE;
				GCC_WARN_UNUSED_FUNCTION = YES;
				GCC_WARN_UNUSED_VARIABLE = YES;
				IPHONEOS_DEPLOYMENT_TARGET = 10.1;
				MTL_ENABLE_DEBUG_INFO = YES;
				ONLY_ACTIVE_ARCH = YES;
				SDKROOT = iphoneos;
				SWIFT_ACTIVE_COMPILATION_CONDITIONS = DEBUG;
				SWIFT_OPTIMIZATION_LEVEL = "-Onone";
				TARGETED_DEVICE_FAMILY = "1,2";
			};
			name = Debug;
		};
		E9DF2F2F1DF849180076FE9F /* Release */ = {
			isa = XCBuildConfiguration;
			buildSettings = {
				ALWAYS_SEARCH_USER_PATHS = NO;
				CLANG_ANALYZER_NONNULL = YES;
				CLANG_CXX_LANGUAGE_STANDARD = "gnu++0x";
				CLANG_CXX_LIBRARY = "libc++";
				CLANG_ENABLE_MODULES = YES;
				CLANG_ENABLE_OBJC_ARC = YES;
				CLANG_WARN_BOOL_CONVERSION = YES;
				CLANG_WARN_CONSTANT_CONVERSION = YES;
				CLANG_WARN_DIRECT_OBJC_ISA_USAGE = YES_ERROR;
				CLANG_WARN_DOCUMENTATION_COMMENTS = YES;
				CLANG_WARN_EMPTY_BODY = YES;
				CLANG_WARN_ENUM_CONVERSION = YES;
				CLANG_WARN_INFINITE_RECURSION = YES;
				CLANG_WARN_INT_CONVERSION = YES;
				CLANG_WARN_OBJC_ROOT_CLASS = YES_ERROR;
				CLANG_WARN_SUSPICIOUS_MOVES = YES;
				CLANG_WARN_UNREACHABLE_CODE = YES;
				CLANG_WARN__DUPLICATE_METHOD_MATCH = YES;
				"CODE_SIGN_IDENTITY[sdk=iphoneos*]" = "iPhone Developer";
				COPY_PHASE_STRIP = NO;
				DEBUG_INFORMATION_FORMAT = "dwarf-with-dsym";
				ENABLE_NS_ASSERTIONS = NO;
				ENABLE_STRICT_OBJC_MSGSEND = YES;
				GCC_C_LANGUAGE_STANDARD = gnu99;
				GCC_NO_COMMON_BLOCKS = YES;
				GCC_WARN_64_TO_32_BIT_CONVERSION = YES;
				GCC_WARN_ABOUT_RETURN_TYPE = YES_ERROR;
				GCC_WARN_UNDECLARED_SELECTOR = YES;
				GCC_WARN_UNINITIALIZED_AUTOS = YES_AGGRESSIVE;
				GCC_WARN_UNUSED_FUNCTION = YES;
				GCC_WARN_UNUSED_VARIABLE = YES;
				IPHONEOS_DEPLOYMENT_TARGET = 10.1;
				MTL_ENABLE_DEBUG_INFO = NO;
				SDKROOT = iphoneos;
				SWIFT_OPTIMIZATION_LEVEL = "-Owholemodule";
				TARGETED_DEVICE_FAMILY = "1,2";
				VALIDATE_PRODUCT = YES;
			};
			name = Release;
		};
		E9DF2F311DF849180076FE9F /* Debug */ = {
			isa = XCBuildConfiguration;
			buildSettings = {
				ASSETCATALOG_COMPILER_APPICON_NAME = AppIcon;
				DEVELOPMENT_TEAM = 4VZ23AUA4B;
				INFOPLIST_FILE = CSPhotoGallery/Info.plist;
				LD_RUNPATH_SEARCH_PATHS = "$(inherited) @executable_path/Frameworks";
				PRODUCT_BUNDLE_IDENTIFIER = com.YCS.CSPhotoGallery;
				PRODUCT_NAME = "$(TARGET_NAME)";
				SWIFT_VERSION = 3.0;
			};
			name = Debug;
		};
		E9DF2F321DF849180076FE9F /* Release */ = {
			isa = XCBuildConfiguration;
			buildSettings = {
				ASSETCATALOG_COMPILER_APPICON_NAME = AppIcon;
				DEVELOPMENT_TEAM = 4VZ23AUA4B;
				INFOPLIST_FILE = CSPhotoGallery/Info.plist;
				LD_RUNPATH_SEARCH_PATHS = "$(inherited) @executable_path/Frameworks";
				PRODUCT_BUNDLE_IDENTIFIER = com.YCS.CSPhotoGallery;
				PRODUCT_NAME = "$(TARGET_NAME)";
				SWIFT_VERSION = 3.0;
			};
			name = Release;
		};
/* End XCBuildConfiguration section */

/* Begin XCConfigurationList section */
		E9DF2F191DF849180076FE9F /* Build configuration list for PBXProject "CSPhotoGallery" */ = {
			isa = XCConfigurationList;
			buildConfigurations = (
				E9DF2F2E1DF849180076FE9F /* Debug */,
				E9DF2F2F1DF849180076FE9F /* Release */,
			);
			defaultConfigurationIsVisible = 0;
			defaultConfigurationName = Release;
		};
		E9DF2F301DF849180076FE9F /* Build configuration list for PBXNativeTarget "CSPhotoGallery" */ = {
			isa = XCConfigurationList;
			buildConfigurations = (
				E9DF2F311DF849180076FE9F /* Debug */,
				E9DF2F321DF849180076FE9F /* Release */,
			);
			defaultConfigurationIsVisible = 0;
			defaultConfigurationName = Release;
		};
/* End XCConfigurationList section */
	};
	rootObject = E9DF2F161DF849180076FE9F /* Project object */;
}
